
Microsoft Visual Studio Solution File, Format Version 12.00
# Visual Studio 2012
Project("{FAE04EC0-301F-11D3-BF4B-00C04F79EFBC}") = "RealEstateDirectory", "RealEstateDirectory\RealEstateDirectory.csproj", "{CBBE784C-B648-4BD6-AADD-2E5BB7E3428B}"
EndProject
Project("{2150E333-8FDC-42A3-9474-1A3956D46DE8}") = "Deploy", "Deploy", "{415BE8FD-4079-4264-9C29-E8B7CA43ED8D}"
EndProject
Project("{2150E333-8FDC-42A3-9474-1A3956D46DE8}") = "Application", "Application", "{746C902C-E5D0-4340-8044-786CDC677213}"
EndProject
Project("{FAE04EC0-301F-11D3-BF4B-00C04F79EFBC}") = "RealEstateDirectory.Data.Entities", "RealEstateDirectory.Data.Entities\RealEstateDirectory.Data.Entities.csproj", "{A6861533-CAD0-4D71-8FB7-63D50FE62E0A}"
EndProject
Global
	GlobalSection(SolutionConfigurationPlatforms) = preSolution
		Debug|Any CPU = Debug|Any CPU
		Release|Any CPU = Release|Any CPU
	EndGlobalSection
	GlobalSection(ProjectConfigurationPlatforms) = postSolution
		{CBBE784C-B648-4BD6-AADD-2E5BB7E3428B}.Debug|Any CPU.ActiveCfg = Debug|Any CPU
		{CBBE784C-B648-4BD6-AADD-2E5BB7E3428B}.Debug|Any CPU.Build.0 = Debug|Any CPU
		{CBBE784C-B648-4BD6-AADD-2E5BB7E3428B}.Release|Any CPU.ActiveCfg = Release|Any CPU
		{CBBE784C-B648-4BD6-AADD-2E5BB7E3428B}.Release|Any CPU.Build.0 = Release|Any CPU
		{A6861533-CAD0-4D71-8FB7-63D50FE62E0A}.Debug|Any CPU.ActiveCfg = Debug|Any CPU
		{A6861533-CAD0-4D71-8FB7-63D50FE62E0A}.Debug|Any CPU.Build.0 = Debug|Any CPU
		{A6861533-CAD0-4D71-8FB7-63D50FE62E0A}.Release|Any CPU.ActiveCfg = Release|Any CPU
		{A6861533-CAD0-4D71-8FB7-63D50FE62E0A}.Release|Any CPU.Build.0 = Release|Any CPU
	EndGlobalSection
	GlobalSection(SolutionProperties) = preSolution
		HideSolutionNode = FALSE
	EndGlobalSection
	GlobalSection(NestedProjects) = preSolution
		{CBBE784C-B648-4BD6-AADD-2E5BB7E3428B} = {746C902C-E5D0-4340-8044-786CDC677213}
		{A6861533-CAD0-4D71-8FB7-63D50FE62E0A} = {746C902C-E5D0-4340-8044-786CDC677213}
	EndGlobalSection
EndGlobal
